
Microsoft Visual Studio Solution File, Format Version 12.00
# Visual Studio 14
VisualStudioVersion = 14.0.25420.1
MinimumVisualStudioVersion = 10.0.40219.1
Project("{FAE04EC0-301F-11D3-BF4B-00C04F79EFBC}") = "HelloWebApi", "HelloWebApi\HelloWebApi.csproj", "{56075C1A-CEB5-43FB-82C7-961F958C7C24}"
EndProject
Project("{FAE04EC0-301F-11D3-BF4B-00C04F79EFBC}") = "RequestValidation", "RequestValidation\RequestValidation.csproj", "{3839BC61-A2D8-4EC6-A439-2CDF44757743}"
EndProject
Global
	GlobalSection(SolutionConfigurationPlatforms) = preSolution
		Debug|Any CPU = Debug|Any CPU
		Release|Any CPU = Release|Any CPU
	EndGlobalSection
	GlobalSection(ProjectConfigurationPlatforms) = postSolution
		{56075C1A-CEB5-43FB-82C7-961F958C7C24}.Debug|Any CPU.ActiveCfg = Debug|Any CPU
		{56075C1A-CEB5-43FB-82C7-961F958C7C24}.Debug|Any CPU.Build.0 = Debug|Any CPU
		{56075C1A-CEB5-43FB-82C7-961F958C7C24}.Release|Any CPU.ActiveCfg = Release|Any CPU
		{56075C1A-CEB5-43FB-82C7-961F958C7C24}.Release|Any CPU.Build.0 = Release|Any CPU
		{3839BC61-A2D8-4EC6-A439-2CDF44757743}.Debug|Any CPU.ActiveCfg = Debug|Any CPU
		{3839BC61-A2D8-4EC6-A439-2CDF44757743}.Debug|Any CPU.Build.0 = Debug|Any CPU
		{3839BC61-A2D8-4EC6-A439-2CDF44757743}.Release|Any CPU.ActiveCfg = Release|Any CPU
		{3839BC61-A2D8-4EC6-A439-2CDF44757743}.Release|Any CPU.Build.0 = Release|Any CPU
	EndGlobalSection
	GlobalSection(SolutionProperties) = preSolution
		HideSolutionNode = FALSE
	EndGlobalSection
EndGlobal
